
Microsoft Visual Studio Solution File, Format Version 12.00
# Visual Studio Version 17
VisualStudioVersion = 17.0.32126.317
MinimumVisualStudioVersion = 10.0.40219.1
Project("{9A19103F-16F7-4668-BE54-9A1E7A4F7556}") = "Tour-Planner-UI", "Tour-Planner-UI\Tour-Planner-UI.csproj", "{B7EC477B-A371-4AAF-9EB8-345CC52CE028}"
EndProject
Project("{9A19103F-16F7-4668-BE54-9A1E7A4F7556}") = "Tour-Planner-DB", "Tour-Planner-DB\Tour-Planner-DB.csproj", "{C6D3E270-A9C3-4971-AAFB-DF9E958A8888}"
EndProject
Project("{9A19103F-16F7-4668-BE54-9A1E7A4F7556}") = "Tour-Planner-Model", "Tour-Planner-Model\Tour-Planner-Model.csproj", "{D3230B76-FABD-4637-8E50-5FF2B818075D}"
EndProject
Project("{9A19103F-16F7-4668-BE54-9A1E7A4F7556}") = "Tour-Planner-Tests", "Tour-Planner-Tests\Tour-Planner-Tests.csproj", "{81A0A98E-2D90-4500-A8E0-E1EAC235DEE7}"
EndProject
Global
	GlobalSection(SolutionConfigurationPlatforms) = preSolution
		Debug|Any CPU = Debug|Any CPU
		Release|Any CPU = Release|Any CPU
	EndGlobalSection
	GlobalSection(ProjectConfigurationPlatforms) = postSolution
		{B7EC477B-A371-4AAF-9EB8-345CC52CE028}.Debug|Any CPU.ActiveCfg = Debug|Any CPU
		{B7EC477B-A371-4AAF-9EB8-345CC52CE028}.Debug|Any CPU.Build.0 = Debug|Any CPU
		{B7EC477B-A371-4AAF-9EB8-345CC52CE028}.Release|Any CPU.ActiveCfg = Release|Any CPU
		{B7EC477B-A371-4AAF-9EB8-345CC52CE028}.Release|Any CPU.Build.0 = Release|Any CPU
		{C6D3E270-A9C3-4971-AAFB-DF9E958A8888}.Debug|Any CPU.ActiveCfg = Debug|Any CPU
		{C6D3E270-A9C3-4971-AAFB-DF9E958A8888}.Debug|Any CPU.Build.0 = Debug|Any CPU
		{C6D3E270-A9C3-4971-AAFB-DF9E958A8888}.Release|Any CPU.ActiveCfg = Release|Any CPU
		{C6D3E270-A9C3-4971-AAFB-DF9E958A8888}.Release|Any CPU.Build.0 = Release|Any CPU
		{D3230B76-FABD-4637-8E50-5FF2B818075D}.Debug|Any CPU.ActiveCfg = Debug|Any CPU
		{D3230B76-FABD-4637-8E50-5FF2B818075D}.Debug|Any CPU.Build.0 = Debug|Any CPU
		{D3230B76-FABD-4637-8E50-5FF2B818075D}.Release|Any CPU.ActiveCfg = Release|Any CPU
		{D3230B76-FABD-4637-8E50-5FF2B818075D}.Release|Any CPU.Build.0 = Release|Any CPU
		{81A0A98E-2D90-4500-A8E0-E1EAC235DEE7}.Debug|Any CPU.ActiveCfg = Debug|Any CPU
		{81A0A98E-2D90-4500-A8E0-E1EAC235DEE7}.Debug|Any CPU.Build.0 = Debug|Any CPU
		{81A0A98E-2D90-4500-A8E0-E1EAC235DEE7}.Release|Any CPU.ActiveCfg = Release|Any CPU
		{81A0A98E-2D90-4500-A8E0-E1EAC235DEE7}.Release|Any CPU.Build.0 = Release|Any CPU
	EndGlobalSection
	GlobalSection(SolutionProperties) = preSolution
		HideSolutionNode = FALSE
	EndGlobalSection
	GlobalSection(ExtensibilityGlobals) = postSolution
		SolutionGuid = {10C0758B-8EB8-48CE-A800-194743CF0EB5}
	EndGlobalSection
EndGlobal
